
Microsoft Visual Studio Solution File, Format Version 12.00
# Visual Studio 14
VisualStudioVersion = 14.0.25420.1
MinimumVisualStudioVersion = 10.0.40219.1
Project("{8BC9CEB8-8B4A-11D0-8D11-00A0C91BC942}") = "usbwifi_ndis6", "usbwifi_ndis6\usbwifi_ndis6.vcxproj", "{228AA5B0-D559-44ED-921E-8E5FB0CF4337}"
EndProject
Global
	GlobalSection(SolutionConfigurationPlatforms) = preSolution
		Debug|ARM = Debug|ARM
		Debug|ARM64 = Debug|ARM64
		Debug|x64 = Debug|x64
		Debug|x86 = Debug|x86
		Release|ARM = Release|ARM
		Release|ARM64 = Release|ARM64
		Release|x64 = Release|x64
		Release|x86 = Release|x86
	EndGlobalSection
	GlobalSection(ProjectConfigurationPlatforms) = postSolution
		{525FC8A3-B3CB-4E77-82FF-89BAEEF41AB5}.Debug|ARM.ActiveCfg = Debug|ARM
		{525FC8A3-B3CB-4E77-82FF-89BAEEF41AB5}.Debug|ARM.Build.0 = Debug|ARM
		{525FC8A3-B3CB-4E77-82FF-89BAEEF41AB5}.Debug|ARM.Deploy.0 = Debug|ARM
		{525FC8A3-B3CB-4E77-82FF-89BAEEF41AB5}.Debug|ARM64.ActiveCfg = Debug|ARM64
		{525FC8A3-B3CB-4E77-82FF-89BAEEF41AB5}.Debug|ARM64.Build.0 = Debug|ARM64
		{525FC8A3-B3CB-4E77-82FF-89BAEEF41AB5}.Debug|ARM64.Deploy.0 = Debug|ARM64
		{525FC8A3-B3CB-4E77-82FF-89BAEEF41AB5}.Debug|x64.ActiveCfg = Debug|x64
		{525FC8A3-B3CB-4E77-82FF-89BAEEF41AB5}.Debug|x64.Build.0 = Debug|x64
		{525FC8A3-B3CB-4E77-82FF-89BAEEF41AB5}.Debug|x64.Deploy.0 = Debug|x64
		{525FC8A3-B3CB-4E77-82FF-89BAEEF41AB5}.Debug|x86.ActiveCfg = Debug|Win32
		{525FC8A3-B3CB-4E77-82FF-89BAEEF41AB5}.Debug|x86.Build.0 = Debug|Win32
		{525FC8A3-B3CB-4E77-82FF-89BAEEF41AB5}.Debug|x86.Deploy.0 = Debug|Win32
		{525FC8A3-B3CB-4E77-82FF-89BAEEF41AB5}.Release|ARM.ActiveCfg = Release|ARM
		{525FC8A3-B3CB-4E77-82FF-89BAEEF41AB5}.Release|ARM.Build.0 = Release|ARM
		{525FC8A3-B3CB-4E77-82FF-89BAEEF41AB5}.Release|ARM.Deploy.0 = Release|ARM
		{525FC8A3-B3CB-4E77-82FF-89BAEEF41AB5}.Release|ARM64.ActiveCfg = Release|ARM64
		{525FC8A3-B3CB-4E77-82FF-89BAEEF41AB5}.Release|ARM64.Build.0 = Release|ARM64
		{525FC8A3-B3CB-4E77-82FF-89BAEEF41AB5}.Release|ARM64.Deploy.0 = Release|ARM64
		{525FC8A3-B3CB-4E77-82FF-89BAEEF41AB5}.Release|x64.ActiveCfg = Release|x64
		{525FC8A3-B3CB-4E77-82FF-89BAEEF41AB5}.Release|x64.Build.0 = Release|x64
		{525FC8A3-B3CB-4E77-82FF-89BAEEF41AB5}.Release|x64.Deploy.0 = Release|x64
		{525FC8A3-B3CB-4E77-82FF-89BAEEF41AB5}.Release|x86.ActiveCfg = Release|Win32
		{525FC8A3-B3CB-4E77-82FF-89BAEEF41AB5}.Release|x86.Build.0 = Release|Win32
		{525FC8A3-B3CB-4E77-82FF-89BAEEF41AB5}.Release|x86.Deploy.0 = Release|Win32
		{B0D38B8E-00CC-40EE-ABE5-4DB4B9CC0508}.Debug|ARM.ActiveCfg = Debug|ARM
		{B0D38B8E-00CC-40EE-ABE5-4DB4B9CC0508}.Debug|ARM.Build.0 = Debug|ARM
		{B0D38B8E-00CC-40EE-ABE5-4DB4B9CC0508}.Debug|ARM.Deploy.0 = Debug|ARM
		{B0D38B8E-00CC-40EE-ABE5-4DB4B9CC0508}.Debug|ARM64.ActiveCfg = Debug|ARM64
		{B0D38B8E-00CC-40EE-ABE5-4DB4B9CC0508}.Debug|ARM64.Build.0 = Debug|ARM64
		{B0D38B8E-00CC-40EE-ABE5-4DB4B9CC0508}.Debug|ARM64.Deploy.0 = Debug|ARM64
		{B0D38B8E-00CC-40EE-ABE5-4DB4B9CC0508}.Debug|x64.ActiveCfg = Debug|x64
		{B0D38B8E-00CC-40EE-ABE5-4DB4B9CC0508}.Debug|x64.Build.0 = Debug|x64
		{B0D38B8E-00CC-40EE-ABE5-4DB4B9CC0508}.Debug|x64.Deploy.0 = Debug|x64
		{B0D38B8E-00CC-40EE-ABE5-4DB4B9CC0508}.Debug|x86.ActiveCfg = Debug|Win32
		{B0D38B8E-00CC-40EE-ABE5-4DB4B9CC0508}.Debug|x86.Build.0 = Debug|Win32
		{B0D38B8E-00CC-40EE-ABE5-4DB4B9CC0508}.Debug|x86.Deploy.0 = Debug|Win32
		{B0D38B8E-00CC-40EE-ABE5-4DB4B9CC0508}.Release|ARM.ActiveCfg = Release|ARM
		{B0D38B8E-00CC-40EE-ABE5-4DB4B9CC0508}.Release|ARM.Build.0 = Release|ARM
		{B0D38B8E-00CC-40EE-ABE5-4DB4B9CC0508}.Release|ARM.Deploy.0 = Release|ARM
		{B0D38B8E-00CC-40EE-ABE5-4DB4B9CC0508}.Release|ARM64.ActiveCfg = Release|ARM64
		{B0D38B8E-00CC-40EE-ABE5-4DB4B9CC0508}.Release|ARM64.Build.0 = Release|ARM64
		{B0D38B8E-00CC-40EE-ABE5-4DB4B9CC0508}.Release|ARM64.Deploy.0 = Release|ARM64
		{B0D38B8E-00CC-40EE-ABE5-4DB4B9CC0508}.Release|x64.ActiveCfg = Release|x64
		{B0D38B8E-00CC-40EE-ABE5-4DB4B9CC0508}.Release|x64.Build.0 = Release|x64
		{B0D38B8E-00CC-40EE-ABE5-4DB4B9CC0508}.Release|x64.Deploy.0 = Release|x64
		{B0D38B8E-00CC-40EE-ABE5-4DB4B9CC0508}.Release|x86.ActiveCfg = Release|Win32
		{B0D38B8E-00CC-40EE-ABE5-4DB4B9CC0508}.Release|x86.Build.0 = Release|Win32
		{B0D38B8E-00CC-40EE-ABE5-4DB4B9CC0508}.Release|x86.Deploy.0 = Release|Win32
		{228AA5B0-D559-44ED-921E-8E5FB0CF4337}.Debug|ARM.ActiveCfg = Debug|ARM
		{228AA5B0-D559-44ED-921E-8E5FB0CF4337}.Debug|ARM.Build.0 = Debug|ARM
		{228AA5B0-D559-44ED-921E-8E5FB0CF4337}.Debug|ARM.Deploy.0 = Debug|ARM
		{228AA5B0-D559-44ED-921E-8E5FB0CF4337}.Debug|ARM64.ActiveCfg = Debug|ARM64
		{228AA5B0-D559-44ED-921E-8E5FB0CF4337}.Debug|ARM64.Build.0 = Debug|ARM64
		{228AA5B0-D559-44ED-921E-8E5FB0CF4337}.Debug|ARM64.Deploy.0 = Debug|ARM64
		{228AA5B0-D559-44ED-921E-8E5FB0CF4337}.Debug|x64.ActiveCfg = Debug|x64
		{228AA5B0-D559-44ED-921E-8E5FB0CF4337}.Debug|x64.Build.0 = Debug|x64
		{228AA5B0-D559-44ED-921E-8E5FB0CF4337}.Debug|x64.Deploy.0 = Debug|x64
		{228AA5B0-D559-44ED-921E-8E5FB0CF4337}.Debug|x86.ActiveCfg = Debug|Win32
		{228AA5B0-D559-44ED-921E-8E5FB0CF4337}.Debug|x86.Build.0 = Debug|Win32
		{228AA5B0-D559-44ED-921E-8E5FB0CF4337}.Debug|x86.Deploy.0 = Debug|Win32
		{228AA5B0-D559-44ED-921E-8E5FB0CF4337}.Release|ARM.ActiveCfg = Release|ARM
		{228AA5B0-D559-44ED-921E-8E5FB0CF4337}.Release|ARM.Build.0 = Release|ARM
		{228AA5B0-D559-44ED-921E-8E5FB0CF4337}.Release|ARM.Deploy.0 = Release|ARM
		{228AA5B0-D559-44ED-921E-8E5FB0CF4337}.Release|ARM64.ActiveCfg = Release|ARM64
		{228AA5B0-D559-44ED-921E-8E5FB0CF4337}.Release|ARM64.Build.0 = Release|ARM64
		{228AA5B0-D559-44ED-921E-8E5FB0CF4337}.Release|ARM64.Deploy.0 = Release|ARM64
		{228AA5B0-D559-44ED-921E-8E5FB0CF4337}.Release|x64.ActiveCfg = Release|x64
		{228AA5B0-D559-44ED-921E-8E5FB0CF4337}.Release|x64.Build.0 = Release|x64
		{228AA5B0-D559-44ED-921E-8E5FB0CF4337}.Release|x64.Deploy.0 = Release|x64
		{228AA5B0-D559-44ED-921E-8E5FB0CF4337}.Release|x86.ActiveCfg = Release|Win32
		{228AA5B0-D559-44ED-921E-8E5FB0CF4337}.Release|x86.Build.0 = Release|Win32
		{228AA5B0-D559-44ED-921E-8E5FB0CF4337}.Release|x86.Deploy.0 = Release|Win32
	EndGlobalSection
	GlobalSection(SolutionProperties) = preSolution
		HideSolutionNode = FALSE
	EndGlobalSection
EndGlobal
