<?xml version="1.0" encoding="utf-8"?>
<Project ToolsVersion="4.0" xmlns="http://schemas.microsoft.com/developer/msbuild/2003">
  <ItemGroup>
    <Filter Include="Source Files">
      <UniqueIdentifier>{4FC737F1-C7A5-4376-A066-2A32D752A2FF}</UniqueIdentifier>
      <Extensions>cpp;c;cc;cxx;def;odl;idl;hpj;bat;asm;asmx</Extensions>
    </Filter>
    <Filter Include="Header Files">
      <UniqueIdentifier>{93995380-89BD-4b04-88EB-625FBE52EBFB}</UniqueIdentifier>
      <Extensions>h;hpp;hxx;hm;inl;inc;xsd</Extensions>
    </Filter>
    <Filter Include="Resource Files">
      <UniqueIdentifier>{67DA6AB6-F800-4c08-8B7A-83BB121AAD01}</UniqueIdentifier>
      <Extensions>rc;ico;cur;bmp;dlg;rc2;rct;bin;rgs;gif;jpg;jpeg;jpe;resx;tiff;tif;png;wav;mfcribbon-ms</Extensions>
    </Filter>
    <Filter Include="Driver Files">
      <UniqueIdentifier>{8E41214B-6785-4CFE-B992-037D68949A14}</UniqueIdentifier>
      <Extensions>inf;inv;inx;mof;mc;</Extensions>
    </Filter>
    <Filter Include="Source Files\mp">
      <UniqueIdentifier>{6f96261a-d71b-4e24-b088-5ce3b300a7d0}</UniqueIdentifier>
    </Filter>
    <Filter Include="Source Files\intf">
      <UniqueIdentifier>{997dee23-a490-4727-868b-4e25d8763429}</UniqueIdentifier>
    </Filter>
    <Filter Include="Source Files\common">
      <UniqueIdentifier>{a9629046-6715-43da-88a2-451077d81d01}</UniqueIdentifier>
    </Filter>
    <Filter Include="Source Files\common\pwr">
      <UniqueIdentifier>{8d6085e8-c044-4616-ba93-638527f4e455}</UniqueIdentifier>
    </Filter>
    <Filter Include="Source Files\common\usb">
      <UniqueIdentifier>{cf46dd79-9184-48a6-9566-993fec3e6b39}</UniqueIdentifier>
    </Filter>
    <Filter Include="Source Files\common\nic">
      <UniqueIdentifier>{9da532c5-9582-4171-ac40-f724f3bc59a8}</UniqueIdentifier>
    </Filter>
    <Filter Include="Source Files\common\os_porting">
      <UniqueIdentifier>{3065075a-9294-4953-b9b2-f0c5f7bebd34}</UniqueIdentifier>
    </Filter>
    <Filter Include="Source Files\common\trx">
      <UniqueIdentifier>{3c7e85bc-89c4-4e6f-94d0-75aba1065543}</UniqueIdentifier>
    </Filter>
  </ItemGroup>
  <ItemGroup>
    <Inf Include="usbwifi_ndis5.inf">
      <Filter>Driver Files</Filter>
    </Inf>
  </ItemGroup>
  <ItemGroup>
    <ClCompile Include="..\..\mp\mp_dev.c">
      <Filter>Source Files\mp</Filter>
    </ClCompile>
    <ClCompile Include="..\..\intf\wf_oids.c">
      <Filter>Source Files\intf</Filter>
    </ClCompile>
    <ClCompile Include="..\..\intf\wf_oids_adapt.c">
      <Filter>Source Files\intf</Filter>
    </ClCompile>
    <ClCompile Include="..\..\intf\wf_oids_sec.c">
      <Filter>Source Files\intf</Filter>
    </ClCompile>
    <ClCompile Include="..\..\..\common\os_porting\wf_os_api_file.c">
      <Filter>Source Files\common\os_porting</Filter>
    </ClCompile>
    <ClCompile Include="..\..\..\common\os_porting\wf_os_api_lock.c">
      <Filter>Source Files\common\os_porting</Filter>
    </ClCompile>
    <ClCompile Include="..\..\..\common\os_porting\wf_os_api_mix.c">
      <Filter>Source Files\common\os_porting</Filter>
    </ClCompile>
    <ClCompile Include="..\..\..\common\os_porting\wf_os_api_sema.c">
      <Filter>Source Files\common\os_porting</Filter>
    </ClCompile>
    <ClCompile Include="..\..\..\common\os_porting\wf_os_api_thread.c">
      <Filter>Source Files\common\os_porting</Filter>
    </ClCompile>
    <ClCompile Include="..\..\..\common\os_porting\wf_os_api_timer.c">
      <Filter>Source Files\common\os_porting</Filter>
    </ClCompile>
    <ClCompile Include="..\..\..\common\os_porting\wf_os_api_workqueue.c">
      <Filter>Source Files\common\os_porting</Filter>
    </ClCompile>
    <ClCompile Include="..\..\..\common\trx\rx_windows.c">
      <Filter>Source Files\common\trx</Filter>
    </ClCompile>
    <ClCompile Include="..\..\..\common\trx\tx_windows.c">
      <Filter>Source Files\common\trx</Filter>
    </ClCompile>
    <ClCompile Include="..\..\..\common\usb\usb_dev.c">
      <Filter>Source Files\common\usb</Filter>
    </ClCompile>
    <ClCompile Include="..\..\..\common\usb\usb_reg.c">
      <Filter>Source Files\common\usb</Filter>
    </ClCompile>
    <ClCompile Include="..\..\..\common\pwr\power_on.c">
      <Filter>Source Files\common\pwr</Filter>
    </ClCompile>
    <ClCompile Include="..\..\..\..\..\nic\action.c">
      <Filter>Source Files\common\nic</Filter>
    </ClCompile>
    <ClCompile Include="..\..\..\..\..\nic\ap.c">
      <Filter>Source Files\common\nic</Filter>
    </ClCompile>
    <ClCompile Include="..\..\..\..\..\nic\assoc.c">
      <Filter>Source Files\common\nic</Filter>
    </ClCompile>
    <ClCompile Include="..\..\..\..\..\nic\auth.c">
      <Filter>Source Files\common\nic</Filter>
    </ClCompile>
    <ClCompile Include="..\..\..\..\..\nic\efuse.c">
      <Filter>Source Files\common\nic</Filter>
    </ClCompile>
    <ClCompile Include="..\..\..\..\..\nic\fw_download.c">
      <Filter>Source Files\common\nic</Filter>
    </ClCompile>
    <ClCompile Include="..\..\..\..\..\nic\hw_ctrl.c">
      <Filter>Source Files\common\nic</Filter>
    </ClCompile>
    <ClCompile Include="..\..\..\..\..\nic\hw_info.c">
      <Filter>Source Files\common\nic</Filter>
    </ClCompile>
    <ClCompile Include="..\..\..\..\..\nic\ie.c">
      <Filter>Source Files\common\nic</Filter>
    </ClCompile>
    <ClCompile Include="..\..\..\..\..\nic\local_config.c">
      <Filter>Source Files\common\nic</Filter>
    </ClCompile>
    <ClCompile Include="..\..\..\..\..\nic\lps.c">
      <Filter>Source Files\common\nic</Filter>
    </ClCompile>
    <ClCompile Include="..\..\..\..\..\nic\mcu_cmd.c">
      <Filter>Source Files\common\nic</Filter>
    </ClCompile>
    <ClCompile Include="..\..\..\..\..\nic\mlme.c">
      <Filter>Source Files\common\nic</Filter>
    </ClCompile>
    <ClCompile Include="..\..\..\..\..\nic\nic.c">
      <Filter>Source Files\common\nic</Filter>
    </ClCompile>
    <ClCompile Include="..\..\..\..\..\nic\nic_io.c">
      <Filter>Source Files\common\nic</Filter>
    </ClCompile>
    <ClCompile Include="..\..\..\..\..\nic\rx.c">
      <Filter>Source Files\common\nic</Filter>
    </ClCompile>
    <ClCompile Include="..\..\..\..\..\nic\scan.c">
      <Filter>Source Files\common\nic</Filter>
    </ClCompile>
    <ClCompile Include="..\..\..\..\..\nic\sec.c">
      <Filter>Source Files\common\nic</Filter>
    </ClCompile>
    <ClCompile Include="..\..\..\..\..\nic\sec_arc4.c">
      <Filter>Source Files\common\nic</Filter>
    </ClCompile>
    <ClCompile Include="..\..\..\..\..\nic\sec_tkip.c">
      <Filter>Source Files\common\nic</Filter>
    </ClCompile>
    <ClCompile Include="..\..\..\..\..\nic\sec_wep.c">
      <Filter>Source Files\common\nic</Filter>
    </ClCompile>
    <ClCompile Include="..\..\..\..\..\nic\tx.c">
      <Filter>Source Files\common\nic</Filter>
    </ClCompile>
    <ClCompile Include="..\..\..\..\..\nic\wdn.c">
      <Filter>Source Files\common\nic</Filter>
    </ClCompile>
    <ClCompile Include="..\..\..\..\..\nic\wf_80211.c">
      <Filter>Source Files\common\nic</Filter>
    </ClCompile>
    <ClCompile Include="..\..\..\..\..\nic\wlan_mgmt.c">
      <Filter>Source Files\common\nic</Filter>
    </ClCompile>
    <ClCompile Include="..\..\..\..\..\nic\utility\wf_msg.c">
      <Filter>Source Files\common\nic</Filter>
    </ClCompile>
    <ClCompile Include="..\..\..\..\..\nic\utility\wf_que.c">
      <Filter>Source Files\common\nic</Filter>
    </ClCompile>
    <ClCompile Include="..\..\..\..\..\nic\utility\wf_timer.c">
      <Filter>Source Files\common\nic</Filter>
    </ClCompile>
    <ClCompile Include="..\..\mp\mp_dbg.c">
      <Filter>Source Files\mp</Filter>
    </ClCompile>
    <ClCompile Include="..\..\mp\mp_power.c">
      <Filter>Source Files\mp</Filter>
    </ClCompile>
    <ClCompile Include="..\..\..\..\..\nic\p2p\p2p.c">
      <Filter>Source Files\common\nic</Filter>
    </ClCompile>
    <ClCompile Include="..\..\..\..\..\nic\p2p\p2p_frame_mgt.c">
      <Filter>Source Files\common\nic</Filter>
    </ClCompile>
    <ClCompile Include="..\..\..\..\..\nic\p2p\p2p_proto_mgt.c">
      <Filter>Source Files\common\nic</Filter>
    </ClCompile>
    <ClCompile Include="..\..\..\..\..\nic\p2p\p2p_wfd.c">
      <Filter>Source Files\common\nic</Filter>
    </ClCompile>
    <ClCompile Include="..\..\..\..\..\nic\p2p\p2p_wowlan.c">
      <Filter>Source Files\common\nic</Filter>
    </ClCompile>
  </ItemGroup>
  <ItemGroup>
    <ClInclude Include="..\..\mp\mp_dbg.h">
      <Filter>Header Files</Filter>
    </ClInclude>
    <ClInclude Include="..\..\mp\mp_def.h">
      <Filter>Header Files</Filter>
    </ClInclude>
    <ClInclude Include="..\..\mp\mp_dev.h">
      <Filter>Header Files</Filter>
    </ClInclude>
    <ClInclude Include="..\..\mp\mp_dot11.h">
      <Filter>Header Files</Filter>
    </ClInclude>
    <ClInclude Include="..\..\intf\wf_oids.h">
      <Filter>Header Files</Filter>
    </ClInclude>
    <ClInclude Include="..\..\intf\wf_oids_adapt.h">
      <Filter>Header Files</Filter>
    </ClInclude>
    <ClInclude Include="..\..\intf\wf_oids_sec.h">
      <Filter>Header Files</Filter>
    </ClInclude>
    <ClInclude Include="..\..\..\..\..\nic\p2p\p2p.h">
      <Filter>Header Files</Filter>
    </ClInclude>
    <ClInclude Include="..\..\..\..\..\nic\p2p\p2p_frame_mgt.h">
      <Filter>Header Files</Filter>
    </ClInclude>
    <ClInclude Include="..\..\..\..\..\nic\p2p\p2p_proto_mgt.h">
      <Filter>Header Files</Filter>
    </ClInclude>
    <ClInclude Include="..\..\..\..\..\nic\p2p\p2p_timer.h">
      <Filter>Header Files</Filter>
    </ClInclude>
    <ClInclude Include="..\..\..\..\..\nic\p2p\p2p_wfd.h">
      <Filter>Header Files</Filter>
    </ClInclude>
    <ClInclude Include="..\..\..\..\..\nic\p2p\p2p_wowlan.h">
      <Filter>Header Files</Filter>
    </ClInclude>
  </ItemGroup>
</Project>