<?xml version="1.0" encoding="utf-8"?>
<Project ToolsVersion="4.0" xmlns="http://schemas.microsoft.com/developer/msbuild/2003">
  <ItemGroup>
    <Filter Include="Source Files">
      <UniqueIdentifier>{4FC737F1-C7A5-4376-A066-2A32D752A2FF}</UniqueIdentifier>
      <Extensions>cpp;c;cc;cxx;def;odl;idl;hpj;bat;asm;asmx</Extensions>
    </Filter>
    <Filter Include="Header Files">
      <UniqueIdentifier>{93995380-89BD-4b04-88EB-625FBE52EBFB}</UniqueIdentifier>
      <Extensions>h;hpp;hxx;hm;inl;inc;xsd</Extensions>
    </Filter>
    <Filter Include="Resource Files">
      <UniqueIdentifier>{67DA6AB6-F800-4c08-8B7A-83BB121AAD01}</UniqueIdentifier>
      <Extensions>rc;ico;cur;bmp;dlg;rc2;rct;bin;rgs;gif;jpg;jpeg;jpe;resx;tiff;tif;png;wav;mfcribbon-ms</Extensions>
    </Filter>
    <Filter Include="Driver Files">
      <UniqueIdentifier>{8E41214B-6785-4CFE-B992-037D68949A14}</UniqueIdentifier>
      <Extensions>inf;inv;inx;mof;mc;</Extensions>
    </Filter>
    <Filter Include="Source Files\test">
      <UniqueIdentifier>{7b664f52-95a3-4cb3-8f91-02446c2caf97}</UniqueIdentifier>
    </Filter>
    <Filter Include="Source Files\nic">
      <UniqueIdentifier>{363a6c7d-660a-4892-bf9c-e61fc580c213}</UniqueIdentifier>
    </Filter>
  </ItemGroup>
  <ItemGroup>
    <None Include="ReadMe.txt" />
  </ItemGroup>
  <ItemGroup>
    <Inf Include="nic_test.inf">
      <Filter>Driver Files</Filter>
    </Inf>
  </ItemGroup>
  <ItemGroup>
    <ClInclude Include="Device.h">
      <Filter>Header Files</Filter>
    </ClInclude>
    <ClInclude Include="Driver.h">
      <Filter>Header Files</Filter>
    </ClInclude>
    <ClInclude Include="Public.h">
      <Filter>Header Files</Filter>
    </ClInclude>
    <ClInclude Include="Queue.h">
      <Filter>Header Files</Filter>
    </ClInclude>
    <ClInclude Include="Trace.h">
      <Filter>Header Files</Filter>
    </ClInclude>
    <ClInclude Include="..\..\..\..\nic\action.h">
      <Filter>Source Files\nic</Filter>
    </ClInclude>
    <ClInclude Include="..\..\..\..\nic\ap.h">
      <Filter>Source Files\nic</Filter>
    </ClInclude>
    <ClInclude Include="..\..\..\..\nic\assoc.h">
      <Filter>Source Files\nic</Filter>
    </ClInclude>
    <ClInclude Include="..\..\..\..\nic\auth.h">
      <Filter>Source Files\nic</Filter>
    </ClInclude>
    <ClInclude Include="..\..\..\..\nic\common.h">
      <Filter>Source Files\nic</Filter>
    </ClInclude>
    <ClInclude Include="..\..\..\..\nic\efuse.h">
      <Filter>Source Files\nic</Filter>
    </ClInclude>
    <ClInclude Include="..\..\..\..\nic\fw_download.h">
      <Filter>Source Files\nic</Filter>
    </ClInclude>
    <ClInclude Include="..\..\..\..\nic\hw_ctrl.h">
      <Filter>Source Files\nic</Filter>
    </ClInclude>
    <ClInclude Include="..\..\..\..\nic\hw_info.h">
      <Filter>Source Files\nic</Filter>
    </ClInclude>
    <ClInclude Include="..\..\..\..\nic\ie.h">
      <Filter>Source Files\nic</Filter>
    </ClInclude>
    <ClInclude Include="..\..\..\..\nic\local_config.h">
      <Filter>Source Files\nic</Filter>
    </ClInclude>
    <ClInclude Include="..\..\..\..\nic\lps.h">
      <Filter>Source Files\nic</Filter>
    </ClInclude>
    <ClInclude Include="..\..\..\..\nic\mcu_cmd.h">
      <Filter>Source Files\nic</Filter>
    </ClInclude>
    <ClInclude Include="..\..\..\..\nic\mlme.h">
      <Filter>Source Files\nic</Filter>
    </ClInclude>
    <ClInclude Include="..\..\..\..\nic\nic.h">
      <Filter>Source Files\nic</Filter>
    </ClInclude>
    <ClInclude Include="..\..\..\..\nic\nic_io.h">
      <Filter>Source Files\nic</Filter>
    </ClInclude>
    <ClInclude Include="..\..\..\..\nic\odm.h">
      <Filter>Source Files\nic</Filter>
    </ClInclude>
    <ClInclude Include="..\..\..\..\nic\queue.h">
      <Filter>Source Files\nic</Filter>
    </ClInclude>
    <ClInclude Include="..\..\..\..\nic\rx.h">
      <Filter>Source Files\nic</Filter>
    </ClInclude>
    <ClInclude Include="..\..\..\..\nic\scan.h">
      <Filter>Source Files\nic</Filter>
    </ClInclude>
    <ClInclude Include="..\..\..\..\nic\sec.h">
      <Filter>Source Files\nic</Filter>
    </ClInclude>
    <ClInclude Include="..\..\..\..\nic\trx.h">
      <Filter>Source Files\nic</Filter>
    </ClInclude>
    <ClInclude Include="..\..\..\..\nic\tx.h">
      <Filter>Source Files\nic</Filter>
    </ClInclude>
    <ClInclude Include="..\..\..\..\nic\utility\wf_list.h">
      <Filter>Source Files\nic</Filter>
    </ClInclude>
    <ClInclude Include="..\..\..\..\nic\utility\wf_mix.h">
      <Filter>Source Files\nic</Filter>
    </ClInclude>
    <ClInclude Include="..\..\..\..\nic\utility\wf_pt.h">
      <Filter>Source Files\nic</Filter>
    </ClInclude>
    <ClInclude Include="..\..\..\..\nic\utility\wf_pt_lc_switch.h">
      <Filter>Source Files\nic</Filter>
    </ClInclude>
    <ClInclude Include="..\..\..\..\nic\utility\wf_que.h">
      <Filter>Source Files\nic</Filter>
    </ClInclude>
    <ClInclude Include="..\..\..\..\nic\utility\wf_timer.h">
      <Filter>Source Files\nic</Filter>
    </ClInclude>
    <ClInclude Include="..\..\..\..\nic\wdn.h">
      <Filter>Source Files\nic</Filter>
    </ClInclude>
    <ClInclude Include="..\..\..\..\nic\wf_80211.h">
      <Filter>Source Files\nic</Filter>
    </ClInclude>
    <ClInclude Include="..\..\..\..\nic\wlan_mgmt.h">
      <Filter>Source Files\nic</Filter>
    </ClInclude>
    <ClInclude Include="..\usbnwifi_new\os_porting\wf_os_api_file.h">
      <Filter>Source Files\test</Filter>
    </ClInclude>
    <ClInclude Include="..\usbnwifi_new\os_porting\wf_os_api_lock.h">
      <Filter>Source Files\test</Filter>
    </ClInclude>
    <ClInclude Include="..\usbnwifi_new\os_porting\wf_os_api_mix.h">
      <Filter>Source Files\test</Filter>
    </ClInclude>
    <ClInclude Include="..\usbnwifi_new\os_porting\wf_os_api_sema.h">
      <Filter>Source Files\test</Filter>
    </ClInclude>
    <ClInclude Include="..\usbnwifi_new\os_porting\wf_os_api_thread.h">
      <Filter>Source Files\test</Filter>
    </ClInclude>
    <ClInclude Include="..\usbnwifi_new\os_porting\wf_os_api_timer.h">
      <Filter>Source Files\test</Filter>
    </ClInclude>
    <ClInclude Include="..\usbnwifi_new\os_porting\wf_os_api_workqueue.h">
      <Filter>Source Files\test</Filter>
    </ClInclude>
  </ItemGroup>
  <ItemGroup>
    <ClCompile Include="Device.c">
      <Filter>Source Files</Filter>
    </ClCompile>
    <ClCompile Include="Driver.c">
      <Filter>Source Files</Filter>
    </ClCompile>
    <ClCompile Include="Queue.c">
      <Filter>Source Files</Filter>
    </ClCompile>
    <ClCompile Include="..\..\..\..\nic\action.c">
      <Filter>Source Files\nic</Filter>
    </ClCompile>
    <ClCompile Include="..\..\..\..\nic\ap.c">
      <Filter>Source Files\nic</Filter>
    </ClCompile>
    <ClCompile Include="..\..\..\..\nic\assoc.c">
      <Filter>Source Files\nic</Filter>
    </ClCompile>
    <ClCompile Include="..\..\..\..\nic\auth.c">
      <Filter>Source Files\nic</Filter>
    </ClCompile>
    <ClCompile Include="..\..\..\..\nic\efuse.c">
      <Filter>Source Files\nic</Filter>
    </ClCompile>
    <ClCompile Include="..\..\..\..\nic\fw_download.c">
      <Filter>Source Files\nic</Filter>
    </ClCompile>
    <ClCompile Include="..\..\..\..\nic\hw_ctrl.c">
      <Filter>Source Files\nic</Filter>
    </ClCompile>
    <ClCompile Include="..\..\..\..\nic\hw_info.c">
      <Filter>Source Files\nic</Filter>
    </ClCompile>
    <ClCompile Include="..\..\..\..\nic\ie.c">
      <Filter>Source Files\nic</Filter>
    </ClCompile>
    <ClCompile Include="..\..\..\..\nic\local_config.c">
      <Filter>Source Files\nic</Filter>
    </ClCompile>
    <ClCompile Include="..\..\..\..\nic\lps.c">
      <Filter>Source Files\nic</Filter>
    </ClCompile>
    <ClCompile Include="..\..\..\..\nic\mcu_cmd.c">
      <Filter>Source Files\nic</Filter>
    </ClCompile>
    <ClCompile Include="..\..\..\..\nic\mlme.c">
      <Filter>Source Files\nic</Filter>
    </ClCompile>
    <ClCompile Include="..\..\..\..\nic\nic.c">
      <Filter>Source Files\nic</Filter>
    </ClCompile>
    <ClCompile Include="..\..\..\..\nic\nic_io.c">
      <Filter>Source Files\nic</Filter>
    </ClCompile>
    <ClCompile Include="..\..\..\..\nic\odm.c">
      <Filter>Source Files\nic</Filter>
    </ClCompile>
    <ClCompile Include="..\..\..\..\nic\rx.c">
      <Filter>Source Files\nic</Filter>
    </ClCompile>
    <ClCompile Include="..\..\..\..\nic\scan.c">
      <Filter>Source Files\nic</Filter>
    </ClCompile>
    <ClCompile Include="..\..\..\..\nic\sec.c">
      <Filter>Source Files\nic</Filter>
    </ClCompile>
    <ClCompile Include="..\..\..\..\nic\sec_arc4.c">
      <Filter>Source Files\nic</Filter>
    </ClCompile>
    <ClCompile Include="..\..\..\..\nic\sec_tkip.c">
      <Filter>Source Files\nic</Filter>
    </ClCompile>
    <ClCompile Include="..\..\..\..\nic\sec_wep.c">
      <Filter>Source Files\nic</Filter>
    </ClCompile>
    <ClCompile Include="..\..\..\..\nic\trx.c">
      <Filter>Source Files\nic</Filter>
    </ClCompile>
    <ClCompile Include="..\..\..\..\nic\tx.c">
      <Filter>Source Files\nic</Filter>
    </ClCompile>
    <ClCompile Include="..\..\..\..\nic\utility\wf_que.c">
      <Filter>Source Files\nic</Filter>
    </ClCompile>
    <ClCompile Include="..\..\..\..\nic\utility\wf_timer.c">
      <Filter>Source Files\nic</Filter>
    </ClCompile>
    <ClCompile Include="..\..\..\..\nic\wdn.c">
      <Filter>Source Files\nic</Filter>
    </ClCompile>
    <ClCompile Include="..\..\..\..\nic\wf_80211.c">
      <Filter>Source Files\nic</Filter>
    </ClCompile>
    <ClCompile Include="..\..\..\..\nic\wlan_mgmt.c">
      <Filter>Source Files\nic</Filter>
    </ClCompile>
    <ClCompile Include="..\usbnwifi_new\os_porting\wf_os_api_file.c">
      <Filter>Source Files\test</Filter>
    </ClCompile>
    <ClCompile Include="..\usbnwifi_new\os_porting\wf_os_api_lock.c">
      <Filter>Source Files\test</Filter>
    </ClCompile>
    <ClCompile Include="..\usbnwifi_new\os_porting\wf_os_api_mix.c">
      <Filter>Source Files\test</Filter>
    </ClCompile>
    <ClCompile Include="..\usbnwifi_new\os_porting\wf_os_api_sema.c">
      <Filter>Source Files\test</Filter>
    </ClCompile>
    <ClCompile Include="..\usbnwifi_new\os_porting\wf_os_api_thread.c">
      <Filter>Source Files\test</Filter>
    </ClCompile>
    <ClCompile Include="..\usbnwifi_new\os_porting\wf_os_api_timer.c">
      <Filter>Source Files\test</Filter>
    </ClCompile>
    <ClCompile Include="..\usbnwifi_new\os_porting\wf_os_api_workqueue.c">
      <Filter>Source Files\test</Filter>
    </ClCompile>
    <ClCompile Include="wf_os_api_test.c">
      <Filter>Source Files\test</Filter>
    </ClCompile>
  </ItemGroup>
</Project>